[[package]]
name = "core"
source = "git+https://github.com/FuelLabs/sway?rev#c681835d4427b8c36d9f340c8d4340aaa03591e6"

[[package]]
name = "core"
source = "path+from-root-2E654A91A5A21ADE"

[[package]]
name = "core"
source = "path+from-root-A4E535DF2C0938B1"

[[package]]
name = "plonk_verifier"
source = "member"
dependencies = [
    "std git+https://github.com/fuellabs/sway?tag=v0.66.6#986aee2c1e34c9cd958c81e7fd6b84638b26619b",
    "sway-ecc",
]

[[package]]
name = "std"
source = "git+https://github.com/FuelLabs/sway?rev#c681835d4427b8c36d9f340c8d4340aaa03591e6"
dependencies = ["core path+from-root-A4E535DF2C0938B1"]

[[package]]
name = "std"
source = "git+https://github.com/fuellabs/sway?tag=v0.66.6#986aee2c1e34c9cd958c81e7fd6b84638b26619b"
dependencies = ["core path+from-root-2E654A91A5A21ADE"]

[[package]]
name = "sway-ecc"
source = "git+https://github.com/hashcloak/sway-ecc?default-branch#6bbd3074c2500e12d2dbe7b0adcc9861ff7b1b9f"
dependencies = [
    "core git+https://github.com/FuelLabs/sway?rev#c681835d4427b8c36d9f340c8d4340aaa03591e6",
    "std git+https://github.com/FuelLabs/sway?rev#c681835d4427b8c36d9f340c8d4340aaa03591e6",
]
